
Microsoft Visual Studio Solution File, Format Version 12.00
# Visual Studio Version 16
VisualStudioVersion = 16.0.32802.440
MinimumVisualStudioVersion = 10.0.40219.1
Project("{FAE04EC0-301F-11D3-BF4B-00C04F79EFBC}") = "UnoMD", "UnoMD.csproj", "{741011D1-9848-4DB9-AED6-75277890306F}"
EndProject
Global
	GlobalSection(SolutionConfigurationPlatforms) = preSolution
		Debug|Any CPU = Debug|Any CPU
		Release|Any CPU = Release|Any CPU
	EndGlobalSection
	GlobalSection(ProjectConfigurationPlatforms) = postSolution
		{741011D1-9848-4DB9-AED6-75277890306F}.Debug|Any CPU.ActiveCfg = Debug|Any CPU
		{741011D1-9848-4DB9-AED6-75277890306F}.Debug|Any CPU.Build.0 = Debug|Any CPU
		{741011D1-9848-4DB9-AED6-75277890306F}.Release|Any CPU.ActiveCfg = Release|Any CPU
		{741011D1-9848-4DB9-AED6-75277890306F}.Release|Any CPU.Build.0 = Release|Any CPU
	EndGlobalSection
	GlobalSection(SolutionProperties) = preSolution
		HideSolutionNode = FALSE
	EndGlobalSection
	GlobalSection(ExtensibilityGlobals) = postSolution
		SolutionGuid = {86E515CE-5A25-47E1-9D6A-9D958ED9D357}
	EndGlobalSection
EndGlobal
